// !$*UTF8*$!
{
	archiveVersion = 1;
	classes = {
	};
	objectVersion = 50;
	objects = {

/* Begin PBXBuildFile section */
		D072B66522647E1D0041CECC /* AppDelegate.swift in Sources */ = {isa = PBXBuildFile; fileRef = D072B66422647E1D0041CECC /* AppDelegate.swift */; };
		D072B66722647E1D0041CECC /* ViewController.swift in Sources */ = {isa = PBXBuildFile; fileRef = D072B66622647E1D0041CECC /* ViewController.swift */; };
		D072B66A22647E1D0041CECC /* Main.storyboard in Resources */ = {isa = PBXBuildFile; fileRef = D072B66822647E1D0041CECC /* Main.storyboard */; };
		D072B66C22647E1E0041CECC /* Assets.xcassets in Resources */ = {isa = PBXBuildFile; fileRef = D072B66B22647E1E0041CECC /* Assets.xcassets */; };
		D072B66F22647E1E0041CECC /* LaunchScreen.storyboard in Resources */ = {isa = PBXBuildFile; fileRef = D072B66D22647E1E0041CECC /* LaunchScreen.storyboard */; };
		D072B67A22647E1E0041CECC /* BankingTests.swift in Sources */ = {isa = PBXBuildFile; fileRef = D072B67922647E1E0041CECC /* BankingTests.swift */; };
/* End PBXBuildFile section */

/* Begin PBXContainerItemProxy section */
		D072B67622647E1E0041CECC /* PBXContainerItemProxy */ = {
			isa = PBXContainerItemProxy;
			containerPortal = D072B65922647E1D0041CECC /* Project object */;
			proxyType = 1;
			remoteGlobalIDString = D072B66022647E1D0041CECC;
			remoteInfo = Banking;
		};
/* End PBXContainerItemProxy section */

/* Begin PBXFileReference section */
		D072B66122647E1D0041CECC /* Banking.app */ = {isa = PBXFileReference; explicitFileType = wrapper.application; includeInIndex = 0; path = Banking.app; sourceTree = BUILT_PRODUCTS_DIR; };
		D072B66422647E1D0041CECC /* AppDelegate.swift */ = {isa = PBXFileReference; lastKnownFileType = sourcecode.swift; path = AppDelegate.swift; sourceTree = "<group>"; };
		D072B66622647E1D0041CECC /* ViewController.swift */ = {isa = PBXFileReference; lastKnownFileType = sourcecode.swift; path = ViewController.swift; sourceTree = "<group>"; };
		D072B66922647E1D0041CECC /* Base */ = {isa = PBXFileReference; lastKnownFileType = file.storyboard; name = Base; path = Base.lproj/Main.storyboard; sourceTree = "<group>"; };
		D072B66B22647E1E0041CECC /* Assets.xcassets */ = {isa = PBXFileReference; lastKnownFileType = folder.assetcatalog; path = Assets.xcassets; sourceTree = "<group>"; };
		D072B66E22647E1E0041CECC /* Base */ = {isa = PBXFileReference; lastKnownFileType = file.storyboard; name = Base; path = Base.lproj/LaunchScreen.storyboard; sourceTree = "<group>"; };
		D072B67022647E1E0041CECC /* Info.plist */ = {isa = PBXFileReference; lastKnownFileType = text.plist.xml; path = Info.plist; sourceTree = "<group>"; };
		D072B67522647E1E0041CECC /* BankingTests.xctest */ = {isa = PBXFileReference; explicitFileType = wrapper.cfbundle; includeInIndex = 0; path = BankingTests.xctest; sourceTree = BUILT_PRODUCTS_DIR; };
		D072B67922647E1E0041CECC /* BankingTests.swift */ = {isa = PBXFileReference; lastKnownFileType = sourcecode.swift; path = BankingTests.swift; sourceTree = "<group>"; };
		D072B67B22647E1E0041CECC /* Info.plist */ = {isa = PBXFileReference; lastKnownFileType = text.plist.xml; path = Info.plist; sourceTree = "<group>"; };
/* End PBXFileReference section */

/* Begin PBXFrameworksBuildPhase section */
		D072B65E22647E1D0041CECC /* Frameworks */ = {
			isa = PBXFrameworksBuildPhase;
			buildActionMask = 2147483647;
			files = (
			);
			runOnlyForDeploymentPostprocessing = 0;
		};
		D072B67222647E1E0041CECC /* Frameworks */ = {
			isa = PBXFrameworksBuildPhase;
			buildActionMask = 2147483647;
			files = (
			);
			runOnlyForDeploymentPostprocessing = 0;
		};
/* End PBXFrameworksBuildPhase section */

/* Begin PBXGroup section */
		D072B65822647E1D0041CECC = {
			isa = PBXGroup;
			children = (
				D072B66322647E1D0041CECC /* Banking */,
				D072B67822647E1E0041CECC /* BankingTests */,
				D072B66222647E1D0041CECC /* Products */,
			);
			sourceTree = "<group>";
		};
		D072B66222647E1D0041CECC /* Products */ = {
			isa = PBXGroup;
			children = (
				D072B66122647E1D0041CECC /* Banking.app */,
				D072B67522647E1E0041CECC /* BankingTests.xctest */,
			);
			name = Products;
			sourceTree = "<group>";
		};
		D072B66322647E1D0041CECC /* Banking */ = {
			isa = PBXGroup;
			children = (
				D072B66422647E1D0041CECC /* AppDelegate.swift */,
				D072B66622647E1D0041CECC /* ViewController.swift */,
				D072B66822647E1D0041CECC /* Main.storyboard */,
				D072B66B22647E1E0041CECC /* Assets.xcassets */,
				D072B66D22647E1E0041CECC /* LaunchScreen.storyboard */,
				D072B67022647E1E0041CECC /* Info.plist */,
			);
			path = Banking;
			sourceTree = "<group>";
		};
		D072B67822647E1E0041CECC /* BankingTests */ = {
			isa = PBXGroup;
			children = (
				D072B67922647E1E0041CECC /* BankingTests.swift */,
				D072B67B22647E1E0041CECC /* Info.plist */,
			);
			path = BankingTests;
			sourceTree = "<group>";
		};
/* End PBXGroup section */

/* Begin PBXNativeTarget section */
		D072B66022647E1D0041CECC /* Banking */ = {
			isa = PBXNativeTarget;
			buildConfigurationList = D072B67E22647E1E0041CECC /* Build configuration list for PBXNativeTarget "Banking" */;
			buildPhases = (
				D072B65D22647E1D0041CECC /* Sources */,
				D072B65E22647E1D0041CECC /* Frameworks */,
				D072B65F22647E1D0041CECC /* Resources */,
			);
			buildRules = (
			);
			dependencies = (
			);
			name = Banking;
			productName = Banking;
			productReference = D072B66122647E1D0041CECC /* Banking.app */;
			productType = "com.apple.product-type.application";
		};
		D072B67422647E1E0041CECC /* BankingTests */ = {
			isa = PBXNativeTarget;
			buildConfigurationList = D072B68122647E1E0041CECC /* Build configuration list for PBXNativeTarget "BankingTests" */;
			buildPhases = (
				D072B67122647E1E0041CECC /* Sources */,
				D072B67222647E1E0041CECC /* Frameworks */,
				D072B67322647E1E0041CECC /* Resources */,
			);
			buildRules = (
			);
			dependencies = (
				D072B67722647E1E0041CECC /* PBXTargetDependency */,
			);
			name = BankingTests;
			productName = BankingTests;
			productReference = D072B67522647E1E0041CECC /* BankingTests.xctest */;
			productType = "com.apple.product-type.bundle.unit-test";
		};
/* End PBXNativeTarget section */

/* Begin PBXProject section */
		D072B65922647E1D0041CECC /* Project object */ = {
			isa = PBXProject;
			attributes = {
				LastSwiftUpdateCheck = 1020;
				LastUpgradeCheck = 1020;
				ORGANIZATIONNAME = "Roger Prats";
				TargetAttributes = {
					D072B66022647E1D0041CECC = {
						CreatedOnToolsVersion = 10.2;
					};
					D072B67422647E1E0041CECC = {
						CreatedOnToolsVersion = 10.2;
						TestTargetID = D072B66022647E1D0041CECC;
					};
				};
			};
			buildConfigurationList = D072B65C22647E1D0041CECC /* Build configuration list for PBXProject "Banking" */;
			compatibilityVersion = "Xcode 9.3";
			developmentRegion = en;
			hasScannedForEncodings = 0;
			knownRegions = (
				en,
				Base,
			);
			mainGroup = D072B65822647E1D0041CECC;
			productRefGroup = D072B66222647E1D0041CECC /* Products */;
			projectDirPath = "";
			projectRoot = "";
			targets = (
				D072B66022647E1D0041CECC /* Banking */,
				D072B67422647E1E0041CECC /* BankingTests */,
			);
		};
/* End PBXProject section */

/* Begin PBXResourcesBuildPhase section */
		D072B65F22647E1D0041CECC /* Resources */ = {
			isa = PBXResourcesBuildPhase;
			buildActionMask = 2147483647;
			files = (
				D072B66F22647E1E0041CECC /* LaunchScreen.storyboard in Resources */,
				D072B66C22647E1E0041CECC /* Assets.xcassets in Resources */,
				D072B66A22647E1D0041CECC /* Main.storyboard in Resources */,
			);
			runOnlyForDeploymentPostprocessing = 0;
		};
		D072B67322647E1E0041CECC /* Resources */ = {
			isa = PBXResourcesBuildPhase;
			buildActionMask = 2147483647;
			files = (
			);
			runOnlyForDeploymentPostprocessing = 0;
		};
/* End PBXResourcesBuildPhase section */

/* Begin PBXSourcesBuildPhase section */
		D072B65D22647E1D0041CECC /* Sources */ = {
			isa = PBXSourcesBuildPhase;
			buildActionMask = 2147483647;
			files = (
				D072B66722647E1D0041CECC /* ViewController.swift in Sources */,
				D072B66522647E1D0041CECC /* AppDelegate.swift in Sources */,
			);
			runOnlyForDeploymentPostprocessing = 0;
		};
		D072B67122647E1E0041CECC /* Sources */ = {
			isa = PBXSourcesBuildPhase;
			buildActionMask = 2147483647;
			files = (
				D072B67A22647E1E0041CECC /* BankingTests.swift in Sources */,
			);
			runOnlyForDeploymentPostprocessing = 0;
		};
/* End PBXSourcesBuildPhase section */

/* Begin PBXTargetDependency section */
		D072B67722647E1E0041CECC /* PBXTargetDependency */ = {
			isa = PBXTargetDependency;
			target = D072B66022647E1D0041CECC /* Banking */;
			targetProxy = D072B67622647E1E0041CECC /* PBXContainerItemProxy */;
		};
/* End PBXTargetDependency section */

/* Begin PBXVariantGroup section */
		D072B66822647E1D0041CECC /* Main.storyboard */ = {
			isa = PBXVariantGroup;
			children = (
				D072B66922647E1D0041CECC /* Base */,
			);
			name = Main.storyboard;
			sourceTree = "<group>";
		};
		D072B66D22647E1E0041CECC /* LaunchScreen.storyboard */ = {
			isa = PBXVariantGroup;
			children = (
				D072B66E22647E1E0041CECC /* Base */,
			);
			name = LaunchScreen.storyboard;
			sourceTree = "<group>";
		};
/* End PBXVariantGroup section */

/* Begin XCBuildConfiguration section */
		D072B67C22647E1E0041CECC /* Debug */ = {
			isa = XCBuildConfiguration;
			buildSettings = {
				ALWAYS_SEARCH_USER_PATHS = NO;
				CLANG_ANALYZER_NONNULL = YES;
				CLANG_ANALYZER_NUMBER_OBJECT_CONVERSION = YES_AGGRESSIVE;
				CLANG_CXX_LANGUAGE_STANDARD = "gnu++14";
				CLANG_CXX_LIBRARY = "libc++";
				CLANG_ENABLE_MODULES = YES;
				CLANG_ENABLE_OBJC_ARC = YES;
				CLANG_ENABLE_OBJC_WEAK = YES;
				CLANG_WARN_BLOCK_CAPTURE_AUTORELEASING = YES;
				CLANG_WARN_BOOL_CONVERSION = YES;
				CLANG_WARN_COMMA = YES;
				CLANG_WARN_CONSTANT_CONVERSION = YES;
				CLANG_WARN_DEPRECATED_OBJC_IMPLEMENTATIONS = YES;
				CLANG_WARN_DIRECT_OBJC_ISA_USAGE = YES_ERROR;
				CLANG_WARN_DOCUMENTATION_COMMENTS = YES;
				CLANG_WARN_EMPTY_BODY = YES;
				CLANG_WARN_ENUM_CONVERSION = YES;
				CLANG_WARN_INFINITE_RECURSION = YES;
				CLANG_WARN_INT_CONVERSION = YES;
				CLANG_WARN_NON_LITERAL_NULL_CONVERSION = YES;
				CLANG_WARN_OBJC_IMPLICIT_RETAIN_SELF = YES;
				CLANG_WARN_OBJC_LITERAL_CONVERSION = YES;
				CLANG_WARN_OBJC_ROOT_CLASS = YES_ERROR;
				CLANG_WARN_RANGE_LOOP_ANALYSIS = YES;
				CLANG_WARN_STRICT_PROTOTYPES = YES;
				CLANG_WARN_SUSPICIOUS_MOVE = YES;
				CLANG_WARN_UNGUARDED_AVAILABILITY = YES_AGGRESSIVE;
				CLANG_WARN_UNREACHABLE_CODE = YES;
				CLANG_WARN__DUPLICATE_METHOD_MATCH = YES;
				CODE_SIGN_IDENTITY = "iPhone Developer";
				COPY_PHASE_STRIP = NO;
				DEBUG_INFORMATION_FORMAT = dwarf;
				ENABLE_STRICT_OBJC_MSGSEND = YES;
				ENABLE_TESTABILITY = YES;
				GCC_C_LANGUAGE_STANDARD = gnu11;
				GCC_DYNAMIC_NO_PIC = NO;
				GCC_NO_COMMON_BLOCKS = YES;
				GCC_OPTIMIZATION_LEVEL = 0;
				GCC_PREPROCESSOR_DEFINITIONS = (
					"DEBUG=1",
					"$(inherited)",
				);
				GCC_WARN_64_TO_32_BIT_CONVERSION = YES;
				GCC_WARN_ABOUT_RETURN_TYPE = YES_ERROR;
				GCC_WARN_UNDECLARED_SELECTOR = YES;
				GCC_WARN_UNINITIALIZED_AUTOS = YES_AGGRESSIVE;
				GCC_WARN_UNUSED_FUNCTION = YES;
				GCC_WARN_UNUSED_VARIABLE = YES;
				IPHONEOS_DEPLOYMENT_TARGET = 12.2;
				MTL_ENABLE_DEBUG_INFO = INCLUDE_SOURCE;
				MTL_FAST_MATH = YES;
				ONLY_ACTIVE_ARCH = YES;
				SDKROOT = iphoneos;
				SWIFT_ACTIVE_COMPILATION_CONDITIONS = DEBUG;
				SWIFT_OPTIMIZATION_LEVEL = "-Onone";
			};
			name = Debug;
		};
		D072B67D22647E1E0041CECC /* Release */ = {
			isa = XCBuildConfiguration;
			buildSettings = {
				ALWAYS_SEARCH_USER_PATHS = NO;
				CLANG_ANALYZER_NONNULL = YES;
				CLANG_ANALYZER_NUMBER_OBJECT_CONVERSION = YES_AGGRESSIVE;
				CLANG_CXX_LANGUAGE_STANDARD = "gnu++14";
				CLANG_CXX_LIBRARY = "libc++";
				CLANG_ENABLE_MODULES = YES;
				CLANG_ENABLE_OBJC_ARC = YES;
				CLANG_ENABLE_OBJC_WEAK = YES;
				CLANG_WARN_BLOCK_CAPTURE_AUTORELEASING = YES;
				CLANG_WARN_BOOL_CONVERSION = YES;
				CLANG_WARN_COMMA = YES;
				CLANG_WARN_CONSTANT_CONVERSION = YES;
				CLANG_WARN_DEPRECATED_OBJC_IMPLEMENTATIONS = YES;
				CLANG_WARN_DIRECT_OBJC_ISA_USAGE = YES_ERROR;
				CLANG_WARN_DOCUMENTATION_COMMENTS = YES;
				CLANG_WARN_EMPTY_BODY = YES;
				CLANG_WARN_ENUM_CONVERSION = YES;
				CLANG_WARN_INFINITE_RECURSION = YES;
				CLANG_WARN_INT_CONVERSION = YES;
				CLANG_WARN_NON_LITERAL_NULL_CONVERSION = YES;
				CLANG_WARN_OBJC_IMPLICIT_RETAIN_SELF = YES;
				CLANG_WARN_OBJC_LITERAL_CONVERSION = YES;
				CLANG_WARN_OBJC_ROOT_CLASS = YES_ERROR;
				CLANG_WARN_RANGE_LOOP_ANALYSIS = YES;
				CLANG_WARN_STRICT_PROTOTYPES = YES;
				CLANG_WARN_SUSPICIOUS_MOVE = YES;
				CLANG_WARN_UNGUARDED_AVAILABILITY = YES_AGGRESSIVE;
				CLANG_WARN_UNREACHABLE_CODE = YES;
				CLANG_WARN__DUPLICATE_METHOD_MATCH = YES;
				CODE_SIGN_IDENTITY = "iPhone Developer";
				COPY_PHASE_STRIP = NO;
				DEBUG_INFORMATION_FORMAT = "dwarf-with-dsym";
				ENABLE_NS_ASSERTIONS = NO;
				ENABLE_STRICT_OBJC_MSGSEND = YES;
				GCC_C_LANGUAGE_STANDARD = gnu11;
				GCC_NO_COMMON_BLOCKS = YES;
				GCC_WARN_64_TO_32_BIT_CONVERSION = YES;
				GCC_WARN_ABOUT_RETURN_TYPE = YES_ERROR;
				GCC_WARN_UNDECLARED_SELECTOR = YES;
				GCC_WARN_UNINITIALIZED_AUTOS = YES_AGGRESSIVE;
				GCC_WARN_UNUSED_FUNCTION = YES;
				GCC_WARN_UNUSED_VARIABLE = YES;
				IPHONEOS_DEPLOYMENT_TARGET = 12.2;
				MTL_ENABLE_DEBUG_INFO = NO;
				MTL_FAST_MATH = YES;
				SDKROOT = iphoneos;
				SWIFT_COMPILATION_MODE = wholemodule;
				SWIFT_OPTIMIZATION_LEVEL = "-O";
				VALIDATE_PRODUCT = YES;
			};
			name = Release;
		};
		D072B67F22647E1E0041CECC /* Debug */ = {
			isa = XCBuildConfiguration;
			buildSettings = {
				ASSETCATALOG_COMPILER_APPICON_NAME = AppIcon;
				CODE_SIGN_STYLE = Automatic;
				INFOPLIST_FILE = Banking/Info.plist;
				LD_RUNPATH_SEARCH_PATHS = (
					"$(inherited)",
					"@executable_path/Frameworks",
				);
				PRODUCT_BUNDLE_IDENTIFIER = com.rogerprats.Banking;
				PRODUCT_NAME = "$(TARGET_NAME)";
				SWIFT_VERSION = 5.0;
				TARGETED_DEVICE_FAMILY = "1,2";
			};
			name = Debug;
		};
		D072B68022647E1E0041CECC /* Release */ = {
			isa = XCBuildConfiguration;
			buildSettings = {
				ASSETCATALOG_COMPILER_APPICON_NAME = AppIcon;
				CODE_SIGN_STYLE = Automatic;
				INFOPLIST_FILE = Banking/Info.plist;
				LD_RUNPATH_SEARCH_PATHS = (
					"$(inherited)",
					"@executable_path/Frameworks",
				);
				PRODUCT_BUNDLE_IDENTIFIER = com.rogerprats.Banking;
				PRODUCT_NAME = "$(TARGET_NAME)";
				SWIFT_VERSION = 5.0;
				TARGETED_DEVICE_FAMILY = "1,2";
			};
			name = Release;
		};
		D072B68222647E1E0041CECC /* Debug */ = {
			isa = XCBuildConfiguration;
			buildSettings = {
				ALWAYS_EMBED_SWIFT_STANDARD_LIBRARIES = YES;
				BUNDLE_LOADER = "$(TEST_HOST)";
				CODE_SIGN_STYLE = Automatic;
				INFOPLIST_FILE = BankingTests/Info.plist;
				LD_RUNPATH_SEARCH_PATHS = (
					"$(inherited)",
					"@executable_path/Frameworks",
					"@loader_path/Frameworks",
				);
				PRODUCT_BUNDLE_IDENTIFIER = com.rogerprats.BankingTests;
				PRODUCT_NAME = "$(TARGET_NAME)";
				SWIFT_VERSION = 5.0;
				TARGETED_DEVICE_FAMILY = "1,2";
				TEST_HOST = "$(BUILT_PRODUCTS_DIR)/Banking.app/Banking";
			};
			name = Debug;
		};
		D072B68322647E1E0041CECC /* Release */ = {
			isa = XCBuildConfiguration;
			buildSettings = {
				ALWAYS_EMBED_SWIFT_STANDARD_LIBRARIES = YES;
				BUNDLE_LOADER = "$(TEST_HOST)";
				CODE_SIGN_STYLE = Automatic;
				INFOPLIST_FILE = BankingTests/Info.plist;
				LD_RUNPATH_SEARCH_PATHS = (
					"$(inherited)",
					"@executable_path/Frameworks",
					"@loader_path/Frameworks",
				);
				PRODUCT_BUNDLE_IDENTIFIER = com.rogerprats.BankingTests;
				PRODUCT_NAME = "$(TARGET_NAME)";
				SWIFT_VERSION = 5.0;
				TARGETED_DEVICE_FAMILY = "1,2";
				TEST_HOST = "$(BUILT_PRODUCTS_DIR)/Banking.app/Banking";
			};
			name = Release;
		};
/* End XCBuildConfiguration section */

/* Begin XCConfigurationList section */
		D072B65C22647E1D0041CECC /* Build configuration list for PBXProject "Banking" */ = {
			isa = XCConfigurationList;
			buildConfigurations = (
				D072B67C22647E1E0041CECC /* Debug */,
				D072B67D22647E1E0041CECC /* Release */,
			);
			defaultConfigurationIsVisible = 0;
			defaultConfigurationName = Release;
		};
		D072B67E22647E1E0041CECC /* Build configuration list for PBXNativeTarget "Banking" */ = {
			isa = XCConfigurationList;
			buildConfigurations = (
				D072B67F22647E1E0041CECC /* Debug */,
				D072B68022647E1E0041CECC /* Release */,
			);
			defaultConfigurationIsVisible = 0;
			defaultConfigurationName = Release;
		};
		D072B68122647E1E0041CECC /* Build configuration list for PBXNativeTarget "BankingTests" */ = {
			isa = XCConfigurationList;
			buildConfigurations = (
				D072B68222647E1E0041CECC /* Debug */,
				D072B68322647E1E0041CECC /* Release */,
			);
			defaultConfigurationIsVisible = 0;
			defaultConfigurationName = Release;
		};
/* End XCConfigurationList section */
	};
	rootObject = D072B65922647E1D0041CECC /* Project object */;
}
